# Generated by pub
# See https://dart.dev/tools/pub/glossary#lockfile
packages:
  _flutterfire_internals:
    dependency: transitive
    description:
      name: _flutterfire_internals
      sha256: d58dc7eda77a05866ad4fac26a4953e82bac29167aa571224d499da5d2027bc6
      url: "https://pub.dev"
    source: hosted
    version: "1.0.11"
  async:
    dependency: transitive
    description:
      name: async
      sha256: bfe67ef28df125b7dddcea62755991f807aa39a2492a23e1550161692950bbe0
      url: "https://pub.dev"
    source: hosted
    version: "2.10.0"
  autocomplete_textfield:
    dependency: "direct main"
    description:
      name: autocomplete_textfield
      sha256: "8170e66d381c21623f1cfbb957ab9c6b5a45d9c50a6daac7fc57dbc3ba94abb4"
      url: "https://pub.dev"
    source: hosted
    version: "2.0.1"
  boolean_selector:
    dependency: transitive
    description:
      name: boolean_selector
      sha256: "6cfb5af12253eaf2b368f07bacc5a80d1301a071c73360d746b7f2e32d762c66"
      url: "https://pub.dev"
    source: hosted
    version: "2.1.1"
  carousel_slider:
    dependency: "direct main"
    description:
      name: carousel_slider
      sha256: "9c695cc963bf1d04a47bd6021f68befce8970bcd61d24938e1fb0918cf5d9c42"
      url: "https://pub.dev"
    source: hosted
    version: "4.2.1"
  characters:
    dependency: transitive
    description:
      name: characters
      sha256: e6a326c8af69605aec75ed6c187d06b349707a27fbff8222ca9cc2cff167975c
      url: "https://pub.dev"
    source: hosted
    version: "1.2.1"
  clock:
    dependency: transitive
    description:
      name: clock
      sha256: cb6d7f03e1de671e34607e909a7213e31d7752be4fb66a86d29fe1eb14bfb5cf
      url: "https://pub.dev"
    source: hosted
    version: "1.1.1"
  cloud_firestore:
    dependency: "direct main"
    description:
      name: cloud_firestore
      sha256: c8c422a8c191b9689a0a392db9987824b47f54c93e3ccaea32962d0b6be96a26
      url: "https://pub.dev"
    source: hosted
    version: "4.3.0"
  cloud_firestore_platform_interface:
    dependency: transitive
    description:
      name: cloud_firestore_platform_interface
      sha256: "86a21d4fd3afe89268e72f62691547e440eff3bcb2781d77c428df706e958149"
      url: "https://pub.dev"
    source: hosted
    version: "5.10.0"
  cloud_firestore_web:
    dependency: transitive
    description:
      name: cloud_firestore_web
      sha256: "2d7339bf3f79adcdb123a88e908474478b060317332189bdd5dcb2d498952127"
      url: "https://pub.dev"
    source: hosted
    version: "3.2.0"
  collection:
    dependency: transitive
    description:
      name: collection
      sha256: cfc915e6923fe5ce6e153b0723c753045de46de1b4d63771530504004a45fae0
      url: "https://pub.dev"
    source: hosted
    version: "1.17.0"
  cross_file:
    dependency: transitive
    description:
      name: cross_file
      sha256: f71079978789bc2fe78d79227f1f8cfe195b31bbd8db2399b0d15a4b96fb843b
      url: "https://pub.dev"
    source: hosted
    version: "0.3.3+2"
  cupertino_icons:
    dependency: "direct main"
    description:
      name: cupertino_icons
      sha256: e35129dc44c9118cee2a5603506d823bab99c68393879edb440e0090d07586be
      url: "https://pub.dev"
    source: hosted
    version: "1.0.5"
  fake_async:
    dependency: transitive
    description:
      name: fake_async
      sha256: "511392330127add0b769b75a987850d136345d9227c6b94c96a04cf4a391bf78"
      url: "https://pub.dev"
    source: hosted
    version: "1.3.1"
  ffi:
    dependency: transitive
    description:
      name: ffi
      sha256: a38574032c5f1dd06c4aee541789906c12ccaab8ba01446e800d9c5b79c4a978
      url: "https://pub.dev"
    source: hosted
    version: "2.0.1"
  firebase_auth:
    dependency: "direct main"
    description:
      name: firebase_auth
      sha256: "323e6f756c8d1f86c7751277a0ba4160cb1a4d09a027f21a98438fce218a8dbf"
      url: "https://pub.dev"
    source: hosted
    version: "4.2.3"
  firebase_auth_platform_interface:
    dependency: transitive
    description:
      name: firebase_auth_platform_interface
      sha256: bb06708fe31bb5928157e3fe8d4bc5ccfaca9477fb902e6a772288eea609d28d
      url: "https://pub.dev"
    source: hosted
    version: "6.11.6"
  firebase_auth_web:
    dependency: transitive
    description:
      name: firebase_auth_web
      sha256: b6de47a9059ef51f8d9ae20b765755165155a2c69b369a5ce23378c9de39ca9f
      url: "https://pub.dev"
    source: hosted
    version: "5.2.3"
  firebase_core:
    dependency: "direct main"
    description:
      name: firebase_core
      sha256: "01962872df08437d9be593caeab8c700624c93b629f3d3d60f061612d6263666"
      url: "https://pub.dev"
    source: hosted
    version: "2.4.0"
  firebase_core_platform_interface:
    dependency: transitive
    description:
      name: firebase_core_platform_interface
      sha256: "5fab93f5b354648efa62e7cc829c90efb68c8796eecf87e0888cae2d5f3accd4"
      url: "https://pub.dev"
    source: hosted
    version: "4.5.2"
  firebase_core_web:
    dependency: transitive
    description:
      name: firebase_core_web
      sha256: b2917618cbe75196261621d676a992e05215ce6a70daca5f655794d5a008d369
      url: "https://pub.dev"
    source: hosted
    version: "2.0.2"
  firebase_phone_auth_handler:
    dependency: "direct main"
    description:
      name: firebase_phone_auth_handler
      sha256: "03401c2a121484256b70d05b528776f77f672853ee6ae156b0114e53eab5e60d"
      url: "https://pub.dev"
    source: hosted
    version: "1.0.7"
  firebase_storage:
    dependency: "direct main"
    description:
      name: firebase_storage
      sha256: "0b46edb072be06b96b693480bdfd8204ea0a782fa9267fa6d67878b032b35bd5"
      url: "https://pub.dev"
    source: hosted
    version: "11.0.9"
  firebase_storage_platform_interface:
    dependency: transitive
    description:
      name: firebase_storage_platform_interface
      sha256: e3770f5f38eed5faee4248c2e5cb7311cb07afe2c35e73225b7cceb09b8805bc
      url: "https://pub.dev"
    source: hosted
    version: "4.1.25"
  firebase_storage_web:
    dependency: transitive
    description:
      name: firebase_storage_web
      sha256: "18a29aa3b652b26aa54584f8bb3aa4806cfd697d876cd898c0135c475d7d42a0"
      url: "https://pub.dev"
    source: hosted
    version: "3.3.18"
  flutter:
    dependency: "direct main"
    description: flutter
    source: sdk
    version: "0.0.0"
  flutter_google_places:
    dependency: "direct main"
    description:
      name: flutter_google_places
      sha256: e9fb23ceacdc7359aa759627550146f7fd3ae6c067d16f39f3c50d8feebf4809
      url: "https://pub.dev"
    source: hosted
    version: "0.3.0"
  flutter_keyboard_visibility:
    dependency: transitive
    description:
      name: flutter_keyboard_visibility
      sha256: "86b71bbaffa38e885f5c21b1182408b9be6951fd125432cf6652c636254cef2d"
      url: "https://pub.dev"
    source: hosted
    version: "5.4.0"
  flutter_keyboard_visibility_linux:
    dependency: transitive
    description:
      name: flutter_keyboard_visibility_linux
      sha256: "6fba7cd9bb033b6ddd8c2beb4c99ad02d728f1e6e6d9b9446667398b2ac39f08"
      url: "https://pub.dev"
    source: hosted
    version: "1.0.0"
  flutter_keyboard_visibility_macos:
    dependency: transitive
    description:
      name: flutter_keyboard_visibility_macos
      sha256: c5c49b16fff453dfdafdc16f26bdd8fb8d55812a1d50b0ce25fc8d9f2e53d086
      url: "https://pub.dev"
    source: hosted
    version: "1.0.0"
  flutter_keyboard_visibility_platform_interface:
    dependency: transitive
    description:
      name: flutter_keyboard_visibility_platform_interface
      sha256: e43a89845873f7be10cb3884345ceb9aebf00a659f479d1c8f4293fcb37022a4
      url: "https://pub.dev"
    source: hosted
    version: "2.0.0"
  flutter_keyboard_visibility_web:
    dependency: transitive
    description:
      name: flutter_keyboard_visibility_web
      sha256: d3771a2e752880c79203f8d80658401d0c998e4183edca05a149f5098ce6e3d1
      url: "https://pub.dev"
    source: hosted
    version: "2.0.0"
  flutter_keyboard_visibility_windows:
    dependency: transitive
    description:
      name: flutter_keyboard_visibility_windows
      sha256: fc4b0f0b6be9b93ae527f3d527fb56ee2d918cd88bbca438c478af7bcfd0ef73
      url: "https://pub.dev"
    source: hosted
    version: "1.0.0"
  flutter_lints:
    dependency: "direct dev"
    description:
      name: flutter_lints
      sha256: aeb0b80a8b3709709c9cc496cdc027c5b3216796bc0af0ce1007eaf24464fd4c
      url: "https://pub.dev"
    source: hosted
    version: "2.0.1"
  flutter_plugin_android_lifecycle:
    dependency: transitive
    description:
      name: flutter_plugin_android_lifecycle
      sha256: "60fc7b78455b94e6de2333d2f95196d32cf5c22f4b0b0520a628804cb463503b"
      url: "https://pub.dev"
    source: hosted
    version: "2.0.7"
  flutter_test:
    dependency: "direct dev"
    description: flutter
    source: sdk
    version: "0.0.0"
  flutter_typeahead:
    dependency: "direct main"
    description:
      name: flutter_typeahead
      sha256: "0ec56e1deac7556f3616f3cd53c9a25bf225dc8b72e9f44b5a7717e42bb467b5"
      url: "https://pub.dev"
    source: hosted
    version: "4.1.1"
  flutter_web_plugins:
    dependency: transitive
    description: flutter
    source: sdk
    version: "0.0.0"
  google_api_headers:
    dependency: transitive
    description:
      name: google_api_headers
      sha256: "279d4378786081f38320f6b73d118d137e805c425cc7c4b5fa3727f326998449"
      url: "https://pub.dev"
    source: hosted
    version: "1.5.0"
  google_maps_webservice:
    dependency: transitive
    description:
      name: google_maps_webservice
      sha256: d0ae4e4508afd74a3f051565261a3cdbae59db29448f9b6e6beb5674545e1eb7
      url: "https://pub.dev"
    source: hosted
    version: "0.0.20-nullsafety.5"
  http:
    dependency: "direct main"
    description:
      name: http
      sha256: "6aa2946395183537c8b880962d935877325d6a09a2867c3970c05c0fed6ac482"
      url: "https://pub.dev"
    source: hosted
    version: "0.13.5"
  http_parser:
    dependency: transitive
    description:
      name: http_parser
      sha256: "2aa08ce0341cc9b354a498388e30986515406668dbcc4f7c950c3e715496693b"
      url: "https://pub.dev"
    source: hosted
    version: "4.0.2"
  image_picker:
    dependency: "direct main"
    description:
      name: image_picker
      sha256: a8f2f0aed50c03230ab37e93ca2905c50b6c4097245345956eb24a88f45328cd
      url: "https://pub.dev"
    source: hosted
    version: "0.8.6"
  image_picker_android:
    dependency: transitive
    description:
      name: image_picker_android
      sha256: b22718074bcecfd0d5008e5fe1ab89db157e125c015b0776ab57ce2160167b82
      url: "https://pub.dev"
    source: hosted
    version: "0.8.5+4"
  image_picker_for_web:
    dependency: transitive
    description:
      name: image_picker_for_web
      sha256: "7d319fb74955ca46d9bf7011497860e3923bb67feebcf068f489311065863899"
      url: "https://pub.dev"
    source: hosted
    version: "2.1.10"
  image_picker_ios:
    dependency: transitive
    description:
      name: image_picker_ios
      sha256: "2c59612273411ecb0beccb11e49db7272975c882f5866c7948017cb6acb3557e"
      url: "https://pub.dev"
    source: hosted
    version: "0.8.6+3"
  image_picker_platform_interface:
    dependency: transitive
    description:
      name: image_picker_platform_interface
      sha256: "7cef2f28f4f2fef99180f636c3d446b4ccbafd6ba0fad2adc9a80c4040f656b8"
      url: "https://pub.dev"
    source: hosted
    version: "2.6.2"
  intl:
    dependency: "direct main"
    description:
      name: intl
      sha256: "910f85bce16fb5c6f614e117efa303e85a1731bb0081edf3604a2ae6e9a3cc91"
      url: "https://pub.dev"
    source: hosted
    version: "0.17.0"
  js:
    dependency: transitive
    description:
      name: js
      sha256: "323b7c70073cccf6b9b8d8b334be418a3293cfb612a560dc2737160a37bf61bd"
      url: "https://pub.dev"
    source: hosted
    version: "0.6.6"
  json_annotation:
    dependency: transitive
    description:
      name: json_annotation
      sha256: "3520fa844009431b5d4491a5a778603520cdc399ab3406332dcc50f93547258c"
      url: "https://pub.dev"
    source: hosted
    version: "4.7.0"
  lints:
    dependency: transitive
    description:
      name: lints
      sha256: "5e4a9cd06d447758280a8ac2405101e0e2094d2a1dbdd3756aec3fe7775ba593"
      url: "https://pub.dev"
    source: hosted
    version: "2.0.1"
  matcher:
    dependency: transitive
    description:
      name: matcher
      sha256: c94db23593b89766cda57aab9ac311e3616cf87c6fa4e9749df032f66f30dcb8
      url: "https://pub.dev"
    source: hosted
    version: "0.12.14"
  material_color_utilities:
    dependency: transitive
    description:
      name: material_color_utilities
      sha256: d92141dc6fe1dad30722f9aa826c7fbc896d021d792f80678280601aff8cf724
      url: "https://pub.dev"
    source: hosted
    version: "0.2.0"
  meta:
    dependency: transitive
    description:
      name: meta
      sha256: "6c268b42ed578a53088d834796959e4a1814b5e9e164f147f580a386e5decf42"
      url: "https://pub.dev"
    source: hosted
    version: "1.8.0"
  multi_select_flutter:
    dependency: "direct main"
    description:
      name: multi_select_flutter
      sha256: "503857b415d390d29159df8a9d92d83c6aac17aaf1c307fb7bcfc77d097d20ed"
      url: "https://pub.dev"
    source: hosted
    version: "4.1.3"
  nested:
    dependency: transitive
    description:
      name: nested
      sha256: "03bac4c528c64c95c722ec99280375a6f2fc708eec17c7b3f07253b626cd2a20"
      url: "https://pub.dev"
    source: hosted
    version: "1.0.0"
  package_info_plus:
    dependency: transitive
    description:
      name: package_info_plus
      sha256: f619162573096d428ccde2e33f92e05b5a179cd6f0e3120c1005f181bee8ed16
      url: "https://pub.dev"
    source: hosted
    version: "3.0.2"
  package_info_plus_platform_interface:
    dependency: transitive
    description:
      name: package_info_plus_platform_interface
      sha256: "9bc8ba46813a4cc42c66ab781470711781940780fd8beddd0c3da62506d3a6c6"
      url: "https://pub.dev"
    source: hosted
    version: "2.0.1"
  path:
    dependency: transitive
    description:
      name: path
      sha256: "8829d8a55c13fc0e37127c29fedf290c102f4e40ae94ada574091fe0ff96c917"
      url: "https://pub.dev"
    source: hosted
    version: "1.8.3"
  pin_code_fields:
    dependency: "direct main"
    description:
      name: pin_code_fields
      sha256: c8652519d14688f3fe2a8288d86910a46aa0b9046d728f292d3bf6067c31b4c7
      url: "https://pub.dev"
    source: hosted
    version: "7.4.0"
  plugin_platform_interface:
    dependency: transitive
    description:
      name: plugin_platform_interface
      sha256: dbf0f707c78beedc9200146ad3cb0ab4d5da13c246336987be6940f026500d3a
      url: "https://pub.dev"
    source: hosted
    version: "2.1.3"
  provider:
    dependency: transitive
    description:
      name: provider
      sha256: cdbe7530b12ecd9eb455bdaa2fcb8d4dad22e80b8afb4798b41479d5ce26847f
      url: "https://pub.dev"
    source: hosted
    version: "6.0.5"
  rxdart:
    dependency: transitive
    description:
      name: rxdart
      sha256: "2ef8b4e91cb3b55d155e0e34eeae0ac7107974e451495c955ac04ddee8cc21fd"
      url: "https://pub.dev"
    source: hosted
    version: "0.26.0"
  sky_engine:
    dependency: transitive
    description: flutter
    source: sdk
    version: "0.0.99"
  source_span:
    dependency: transitive
    description:
      name: source_span
      sha256: dd904f795d4b4f3b870833847c461801f6750a9fa8e61ea5ac53f9422b31f250
      url: "https://pub.dev"
    source: hosted
    version: "1.9.1"
  stack_trace:
    dependency: transitive
    description:
      name: stack_trace
      sha256: c3c7d8edb15bee7f0f74debd4b9c5f3c2ea86766fe4178eb2a18eb30a0bdaed5
      url: "https://pub.dev"
    source: hosted
    version: "1.11.0"
  stream_channel:
    dependency: transitive
    description:
      name: stream_channel
      sha256: "83615bee9045c1d322bbbd1ba209b7a749c2cbcdcb3fdd1df8eb488b3279c1c8"
      url: "https://pub.dev"
    source: hosted
    version: "2.1.1"
  string_scanner:
    dependency: transitive
    description:
      name: string_scanner
      sha256: "556692adab6cfa87322a115640c11f13cb77b3f076ddcc5d6ae3c20242bedcde"
      url: "https://pub.dev"
    source: hosted
    version: "1.2.0"
  term_glyph:
    dependency: transitive
    description:
      name: term_glyph
      sha256: a29248a84fbb7c79282b40b8c72a1209db169a2e0542bce341da992fe1bc7e84
      url: "https://pub.dev"
    source: hosted
    version: "1.2.1"
  test_api:
    dependency: transitive
    description:
      name: test_api
      sha256: c9282698e2982b6c3817037554e52f99d4daba493e8028f8112a83d68ccd0b12
      url: "https://pub.dev"
    source: hosted
    version: "0.4.17"
  toggle_switch:
    dependency: "direct main"
    description:
      name: toggle_switch
      sha256: "82c778c4bfe93af154a41e346ccd1d5b0cb6a50f8f187941412edd0a9bbf51ee"
      url: "https://pub.dev"
    source: hosted
    version: "2.0.1"
  typed_data:
    dependency: transitive
    description:
      name: typed_data
      sha256: "26f87ade979c47a150c9eaab93ccd2bebe70a27dc0b4b29517f2904f04eb11a5"
      url: "https://pub.dev"
    source: hosted
    version: "1.3.1"
  vector_math:
    dependency: transitive
    description:
      name: vector_math
      sha256: "80b3257d1492ce4d091729e3a67a60407d227c27241d6927be0130c98e741803"
      url: "https://pub.dev"
    source: hosted
    version: "2.1.4"
  win32:
    dependency: transitive
    description:
      name: win32
      sha256: c9ebe7ee4ab0c2194e65d3a07d8c54c5d00bb001b76081c4a04cdb8448b59e46
      url: "https://pub.dev"
    source: hosted
    version: "3.1.3"
sdks:
  dart: ">=2.19.0-345.0.dev <4.0.0"
  flutter: ">=2.11.0"
